
Microsoft Visual Studio Solution File, Format Version 12.00
# Visual Studio Version 17
VisualStudioVersion = 17.1.32421.90
MinimumVisualStudioVersion = 10.0.40219.1
Project("{FAE04EC0-301F-11D3-BF4B-00C04F79EFBC}") = "CalculatorTest", "CalculatorTest\CalculatorTest.csproj", "{B54DD48F-1B69-48AB-BB1E-9E81E2F07362}"
EndProject
Project("{FAE04EC0-301F-11D3-BF4B-00C04F79EFBC}") = "CalculatorLibrary", "CalculatorLibrary\CalculatorLibrary.csproj", "{635627A2-6C35-4098-9015-126612154F97}"
EndProject
Project("{FAE04EC0-301F-11D3-BF4B-00C04F79EFBC}") = "CalculatorUserInterface", "CalculatorUserInterface\CalculatorUserInterface.csproj", "{15D4F5F2-BD5C-4082-88B4-371D4640452F}"
EndProject
Global
	GlobalSection(SolutionConfigurationPlatforms) = preSolution
		Debug|Any CPU = Debug|Any CPU
		Release|Any CPU = Release|Any CPU
	EndGlobalSection
	GlobalSection(ProjectConfigurationPlatforms) = postSolution
		{B54DD48F-1B69-48AB-BB1E-9E81E2F07362}.Debug|Any CPU.ActiveCfg = Debug|Any CPU
		{B54DD48F-1B69-48AB-BB1E-9E81E2F07362}.Debug|Any CPU.Build.0 = Debug|Any CPU
		{B54DD48F-1B69-48AB-BB1E-9E81E2F07362}.Release|Any CPU.ActiveCfg = Release|Any CPU
		{B54DD48F-1B69-48AB-BB1E-9E81E2F07362}.Release|Any CPU.Build.0 = Release|Any CPU
		{635627A2-6C35-4098-9015-126612154F97}.Debug|Any CPU.ActiveCfg = Debug|Any CPU
		{635627A2-6C35-4098-9015-126612154F97}.Debug|Any CPU.Build.0 = Debug|Any CPU
		{635627A2-6C35-4098-9015-126612154F97}.Release|Any CPU.ActiveCfg = Release|Any CPU
		{635627A2-6C35-4098-9015-126612154F97}.Release|Any CPU.Build.0 = Release|Any CPU
		{15D4F5F2-BD5C-4082-88B4-371D4640452F}.Debug|Any CPU.ActiveCfg = Debug|Any CPU
		{15D4F5F2-BD5C-4082-88B4-371D4640452F}.Debug|Any CPU.Build.0 = Debug|Any CPU
		{15D4F5F2-BD5C-4082-88B4-371D4640452F}.Release|Any CPU.ActiveCfg = Release|Any CPU
		{15D4F5F2-BD5C-4082-88B4-371D4640452F}.Release|Any CPU.Build.0 = Release|Any CPU
	EndGlobalSection
	GlobalSection(SolutionProperties) = preSolution
		HideSolutionNode = FALSE
	EndGlobalSection
	GlobalSection(ExtensibilityGlobals) = postSolution
		SolutionGuid = {1766875A-0656-452E-A97E-4CD10B340B26}
	EndGlobalSection
EndGlobal
